<?xml version="1.0" encoding="utf-8"?>
<Project ToolsVersion="4.0" xmlns="http://schemas.microsoft.com/developer/msbuild/2003">
  <ItemGroup>
    <Filter Include="Source Files">
      <UniqueIdentifier>{e947ec0a-cc18-4436-9c8a-ae4e78327f4c}</UniqueIdentifier>
      <Extensions>cpp;c;cxx;rc;def;r;odl;hpj;bat;for;f90</Extensions>
    </Filter>
    <Filter Include="Header Files">
      <UniqueIdentifier>{ceae9bbb-7789-4ca1-85a1-09f7eb7ef3ac}</UniqueIdentifier>
      <Extensions>h;hpp;hxx;hm;inl;fi;fd</Extensions>
    </Filter>
    <Filter Include="Resource Files">
      <UniqueIdentifier>{eab9ea72-68ad-4a01-9a9d-bab4445b1224}</UniqueIdentifier>
      <Extensions>ico;cur;bmp;dlg;rc2;rct;bin;cnt;rtf;gif;jpg;jpeg;jpe</Extensions>
    </Filter>
  </ItemGroup>
  <ItemGroup>
    <ClCompile Include="g_phys.c">
      <Filter>Source Files</Filter>
    </ClCompile>
    <ClCompile Include="g_spawn.c">
      <Filter>Source Files</Filter>
    </ClCompile>
    <ClCompile Include="g_svcmds.c">
      <Filter>Source Files</Filter>
    </ClCompile>
    <ClCompile Include="g_target.c">
      <Filter>Source Files</Filter>
    </ClCompile>
    <ClCompile Include="g_trigger.c">
      <Filter>Source Files</Filter>
    </ClCompile>
    <ClCompile Include="g_turret.c">
      <Filter>Source Files</Filter>
    </ClCompile>
    <ClCompile Include="g_utils.c">
      <Filter>Source Files</Filter>
    </ClCompile>
    <ClCompile Include="g_weapon.c">
      <Filter>Source Files</Filter>
    </ClCompile>
    <ClCompile Include="monster\berserker\berserker.c">
      <Filter>Source Files</Filter>
    </ClCompile>
    <ClCompile Include="monster\boss2\boss2.c">
      <Filter>Source Files</Filter>
    </ClCompile>
    <ClCompile Include="monster\boss3\boss3.c">
      <Filter>Source Files</Filter>
    </ClCompile>
    <ClCompile Include="monster\boss3\boss31.c">
      <Filter>Source Files</Filter>
    </ClCompile>
    <ClCompile Include="monster\boss3\boss32.c">
      <Filter>Source Files</Filter>
    </ClCompile>
    <ClCompile Include="monster\brain\brain.c">
      <Filter>Source Files</Filter>
    </ClCompile>
    <ClCompile Include="monster\chick\chick.c">
      <Filter>Source Files</Filter>
    </ClCompile>
    <ClCompile Include="monster\flipper\flipper.c">
      <Filter>Source Files</Filter>
    </ClCompile>
    <ClCompile Include="monster\float\float.c">
      <Filter>Source Files</Filter>
    </ClCompile>
    <ClCompile Include="monster\flyer\flyer.c">
      <Filter>Source Files</Filter>
    </ClCompile>
    <ClCompile Include="monster\gladiator\gladiator.c">
      <Filter>Source Files</Filter>
    </ClCompile>
    <ClCompile Include="monster\gunner\gunner.c">
      <Filter>Source Files</Filter>
    </ClCompile>
    <ClCompile Include="monster\hover\hover.c">
      <Filter>Source Files</Filter>
    </ClCompile>
    <ClCompile Include="monster\infantry\infantry.c">
      <Filter>Source Files</Filter>
    </ClCompile>
    <ClCompile Include="monster\insane\insane.c">
      <Filter>Source Files</Filter>
    </ClCompile>
    <ClCompile Include="monster\medic\medic.c">
      <Filter>Source Files</Filter>
    </ClCompile>
    <ClCompile Include="monster\misc\move.c">
      <Filter>Source Files</Filter>
    </ClCompile>
    <ClCompile Include="monster\mutant\mutant.c">
      <Filter>Source Files</Filter>
    </ClCompile>
    <ClCompile Include="monster\parasite\parasite.c">
      <Filter>Source Files</Filter>
    </ClCompile>
    <ClCompile Include="monster\soldier\soldier.c">
      <Filter>Source Files</Filter>
    </ClCompile>
    <ClCompile Include="monster\supertank\supertank.c">
      <Filter>Source Files</Filter>
    </ClCompile>
    <ClCompile Include="monster\tank\tank.c">
      <Filter>Source Files</Filter>
    </ClCompile>
    <ClCompile Include="player\client.c">
      <Filter>Source Files</Filter>
    </ClCompile>
    <ClCompile Include="player\hud.c">
      <Filter>Source Files</Filter>
    </ClCompile>
    <ClCompile Include="player\trail.c">
      <Filter>Source Files</Filter>
    </ClCompile>
    <ClCompile Include="player\view.c">
      <Filter>Source Files</Filter>
    </ClCompile>
    <ClCompile Include="player\weapon.c">
      <Filter>Source Files</Filter>
    </ClCompile>
    <ClCompile Include="savegame\savegame.c">
      <Filter>Source Files</Filter>
    </ClCompile>
    <ClCompile Include="g_ai.c">
      <Filter>Source Files</Filter>
    </ClCompile>
    <ClCompile Include="g_chase.c">
      <Filter>Source Files</Filter>
    </ClCompile>
    <ClCompile Include="g_cmds.c">
      <Filter>Source Files</Filter>
    </ClCompile>
    <ClCompile Include="g_combat.c">
      <Filter>Source Files</Filter>
    </ClCompile>
    <ClCompile Include="g_func.c">
      <Filter>Source Files</Filter>
    </ClCompile>
    <ClCompile Include="g_items.c">
      <Filter>Source Files</Filter>
    </ClCompile>
    <ClCompile Include="g_main.c">
      <Filter>Source Files</Filter>
    </ClCompile>
    <ClCompile Include="g_misc.c">
      <Filter>Source Files</Filter>
    </ClCompile>
    <ClCompile Include="g_monster.c">
      <Filter>Source Files</Filter>
    </ClCompile>
    <ClCompile Include="..\qcommon\shared\q_shared.c">
      <Filter>Source Files</Filter>
    </ClCompile>
    <ClCompile Include="..\qcommon\shared\m_flash.c">
      <Filter>Source Files</Filter>
    </ClCompile>
  </ItemGroup>
  <ItemGroup>
    <ClInclude Include="header\game.h">
      <Filter>Header Files</Filter>
    </ClInclude>
    <ClInclude Include="header\local.h">
      <Filter>Header Files</Filter>
    </ClInclude>
    <ClInclude Include="monster\berserker\berserker.h">
      <Filter>Header Files</Filter>
    </ClInclude>
    <ClInclude Include="monster\boss2\boss2.h">
      <Filter>Header Files</Filter>
    </ClInclude>
    <ClInclude Include="monster\boss3\boss31.h">
      <Filter>Header Files</Filter>
    </ClInclude>
    <ClInclude Include="monster\boss3\boss32.h">
      <Filter>Header Files</Filter>
    </ClInclude>
    <ClInclude Include="monster\brain\brain.h">
      <Filter>Header Files</Filter>
    </ClInclude>
    <ClInclude Include="monster\chick\chick.h">
      <Filter>Header Files</Filter>
    </ClInclude>
    <ClInclude Include="monster\flipper\flipper.h">
      <Filter>Header Files</Filter>
    </ClInclude>
    <ClInclude Include="monster\float\float.h">
      <Filter>Header Files</Filter>
    </ClInclude>
    <ClInclude Include="monster\flyer\flyer.h">
      <Filter>Header Files</Filter>
    </ClInclude>
    <ClInclude Include="monster\gladiator\gladiator.h">
      <Filter>Header Files</Filter>
    </ClInclude>
    <ClInclude Include="monster\gunner\gunner.h">
      <Filter>Header Files</Filter>
    </ClInclude>
    <ClInclude Include="monster\hover\hover.h">
      <Filter>Header Files</Filter>
    </ClInclude>
    <ClInclude Include="monster\infantry\infantry.h">
      <Filter>Header Files</Filter>
    </ClInclude>
    <ClInclude Include="monster\insane\insane.h">
      <Filter>Header Files</Filter>
    </ClInclude>
    <ClInclude Include="monster\medic\medic.h">
      <Filter>Header Files</Filter>
    </ClInclude>
    <ClInclude Include="monster\misc\player.h">
      <Filter>Header Files</Filter>
    </ClInclude>
    <ClInclude Include="monster\mutant\mutant.h">
      <Filter>Header Files</Filter>
    </ClInclude>
    <ClInclude Include="monster\parasite\parasite.h">
      <Filter>Header Files</Filter>
    </ClInclude>
    <ClInclude Include="monster\soldier\soldier.h">
      <Filter>Header Files</Filter>
    </ClInclude>
    <ClInclude Include="monster\supertank\supertank.h">
      <Filter>Header Files</Filter>
    </ClInclude>
    <ClInclude Include="monster\tank\tank.h">
      <Filter>Header Files</Filter>
    </ClInclude>
    <ClInclude Include="savegame\tables\clientfields.h">
      <Filter>Header Files</Filter>
    </ClInclude>
    <ClInclude Include="savegame\tables\fields.h">
      <Filter>Header Files</Filter>
    </ClInclude>
    <ClInclude Include="savegame\tables\gamefunc_decs.h">
      <Filter>Header Files</Filter>
    </ClInclude>
    <ClInclude Include="savegame\tables\gamefunc_list.h">
      <Filter>Header Files</Filter>
    </ClInclude>
    <ClInclude Include="savegame\tables\gamemmove_decs.h">
      <Filter>Header Files</Filter>
    </ClInclude>
    <ClInclude Include="savegame\tables\gamemmove_list.h">
      <Filter>Header Files</Filter>
    </ClInclude>
    <ClInclude Include="savegame\tables\levelfields.h">
      <Filter>Header Files</Filter>
    </ClInclude>
    <ClInclude Include="resource.h">
      <Filter>Header Files</Filter>
    </ClInclude>
  </ItemGroup>
  <ItemGroup>
    <ResourceCompile Include="gamex86.rc">
      <Filter>Resource Files</Filter>
    </ResourceCompile>
  </ItemGroup>
  <ItemGroup>
    <None Include="game.def">
      <Filter>Resource Files</Filter>
    </None>
  </ItemGroup>
</Project>