
Microsoft Visual Studio Solution File, Format Version 12.00
# Visual Studio 2013
VisualStudioVersion = 12.0.21005.1
MinimumVisualStudioVersion = 10.0.40219.1
Project("{8BC9CEB8-8B4A-11D0-8D11-00A0C91BC942}") = "quake2vr", "quake2.vcxproj", "{B4876AD1-5BC7-C790-1882-7C080D2DA6B7}"
	ProjectSection(ProjectDependencies) = postProject
		{09E58C1F-353D-58C5-DE43-60F70BB966AE} = {09E58C1F-353D-58C5-DE43-60F70BB966AE}
		{0DDC01CC-74EB-43BF-8BC7-1807346B74B0} = {0DDC01CC-74EB-43BF-8BC7-1807346B74B0}
	EndProjectSection
EndProject
Project("{8BC9CEB8-8B4A-11D0-8D11-00A0C91BC942}") = "baseq2", "game\game.vcxproj", "{09E58C1F-353D-58C5-DE43-60F70BB966AE}"
EndProject
Project("{8BC9CEB8-8B4A-11D0-8D11-00A0C91BC942}") = "missionpack", "game_mp\gamemp.vcxproj", "{0DDC01CC-74EB-43BF-8BC7-1807346B74B0}"
EndProject
Project("{8BC9CEB8-8B4A-11D0-8D11-00A0C91BC942}") = "LibOVR", "external\OculusSDK\LibOVR\Projects\Windows\VS2012\LibOVR.vcxproj", "{EA50E705-5113-49E5-B105-2512EDC8DDC6}"
EndProject
Global
	GlobalSection(SolutionConfigurationPlatforms) = preSolution
		Debug|Win32 = Debug|Win32
		Debug|x64 = Debug|x64
		Release - No SteamVR|Win32 = Release - No SteamVR|Win32
		Release - No SteamVR|x64 = Release - No SteamVR|x64
		Release|Win32 = Release|Win32
		Release|x64 = Release|x64
	EndGlobalSection
	GlobalSection(ProjectConfigurationPlatforms) = postSolution
		{B4876AD1-5BC7-C790-1882-7C080D2DA6B7}.Debug|Win32.ActiveCfg = Debug|Win32
		{B4876AD1-5BC7-C790-1882-7C080D2DA6B7}.Debug|Win32.Build.0 = Debug|Win32
		{B4876AD1-5BC7-C790-1882-7C080D2DA6B7}.Debug|x64.ActiveCfg = Debug|Win32
		{B4876AD1-5BC7-C790-1882-7C080D2DA6B7}.Release - No SteamVR|Win32.ActiveCfg = Release - No SteamVR|Win32
		{B4876AD1-5BC7-C790-1882-7C080D2DA6B7}.Release - No SteamVR|Win32.Build.0 = Release - No SteamVR|Win32
		{B4876AD1-5BC7-C790-1882-7C080D2DA6B7}.Release - No SteamVR|x64.ActiveCfg = Release - No SteamVR|Win32
		{B4876AD1-5BC7-C790-1882-7C080D2DA6B7}.Release|Win32.ActiveCfg = Release|Win32
		{B4876AD1-5BC7-C790-1882-7C080D2DA6B7}.Release|Win32.Build.0 = Release|Win32
		{B4876AD1-5BC7-C790-1882-7C080D2DA6B7}.Release|x64.ActiveCfg = Release|Win32
		{09E58C1F-353D-58C5-DE43-60F70BB966AE}.Debug|Win32.ActiveCfg = Debug|Win32
		{09E58C1F-353D-58C5-DE43-60F70BB966AE}.Debug|Win32.Build.0 = Debug|Win32
		{09E58C1F-353D-58C5-DE43-60F70BB966AE}.Debug|x64.ActiveCfg = Debug|Win32
		{09E58C1F-353D-58C5-DE43-60F70BB966AE}.Release - No SteamVR|Win32.ActiveCfg = Release|Win32
		{09E58C1F-353D-58C5-DE43-60F70BB966AE}.Release - No SteamVR|Win32.Build.0 = Release|Win32
		{09E58C1F-353D-58C5-DE43-60F70BB966AE}.Release - No SteamVR|x64.ActiveCfg = Release|Win32
		{09E58C1F-353D-58C5-DE43-60F70BB966AE}.Release|Win32.ActiveCfg = Release|Win32
		{09E58C1F-353D-58C5-DE43-60F70BB966AE}.Release|Win32.Build.0 = Release|Win32
		{09E58C1F-353D-58C5-DE43-60F70BB966AE}.Release|x64.ActiveCfg = Release|Win32
		{0DDC01CC-74EB-43BF-8BC7-1807346B74B0}.Debug|Win32.ActiveCfg = Debug|Win32
		{0DDC01CC-74EB-43BF-8BC7-1807346B74B0}.Debug|Win32.Build.0 = Debug|Win32
		{0DDC01CC-74EB-43BF-8BC7-1807346B74B0}.Debug|x64.ActiveCfg = Debug|Win32
		{0DDC01CC-74EB-43BF-8BC7-1807346B74B0}.Release - No SteamVR|Win32.ActiveCfg = Release|Win32
		{0DDC01CC-74EB-43BF-8BC7-1807346B74B0}.Release - No SteamVR|Win32.Build.0 = Release|Win32
		{0DDC01CC-74EB-43BF-8BC7-1807346B74B0}.Release - No SteamVR|x64.ActiveCfg = Release|Win32
		{0DDC01CC-74EB-43BF-8BC7-1807346B74B0}.Release|Win32.ActiveCfg = Release|Win32
		{0DDC01CC-74EB-43BF-8BC7-1807346B74B0}.Release|Win32.Build.0 = Release|Win32
		{0DDC01CC-74EB-43BF-8BC7-1807346B74B0}.Release|x64.ActiveCfg = Release|Win32
		{EA50E705-5113-49E5-B105-2512EDC8DDC6}.Debug|Win32.ActiveCfg = Debug|Win32
		{EA50E705-5113-49E5-B105-2512EDC8DDC6}.Debug|Win32.Build.0 = Debug|Win32
		{EA50E705-5113-49E5-B105-2512EDC8DDC6}.Debug|x64.ActiveCfg = Debug|x64
		{EA50E705-5113-49E5-B105-2512EDC8DDC6}.Debug|x64.Build.0 = Debug|x64
		{EA50E705-5113-49E5-B105-2512EDC8DDC6}.Release - No SteamVR|Win32.ActiveCfg = Release|Win32
		{EA50E705-5113-49E5-B105-2512EDC8DDC6}.Release - No SteamVR|Win32.Build.0 = Release|Win32
		{EA50E705-5113-49E5-B105-2512EDC8DDC6}.Release - No SteamVR|x64.ActiveCfg = Release|x64
		{EA50E705-5113-49E5-B105-2512EDC8DDC6}.Release - No SteamVR|x64.Build.0 = Release|x64
		{EA50E705-5113-49E5-B105-2512EDC8DDC6}.Release|Win32.ActiveCfg = Release|Win32
		{EA50E705-5113-49E5-B105-2512EDC8DDC6}.Release|Win32.Build.0 = Release|Win32
		{EA50E705-5113-49E5-B105-2512EDC8DDC6}.Release|x64.ActiveCfg = Release|x64
		{EA50E705-5113-49E5-B105-2512EDC8DDC6}.Release|x64.Build.0 = Release|x64
	EndGlobalSection
	GlobalSection(SolutionProperties) = preSolution
		HideSolutionNode = FALSE
	EndGlobalSection
EndGlobal
