<?xml version="1.0" encoding="utf-8"?>
<Project ToolsVersion="4.0" xmlns="http://schemas.microsoft.com/developer/msbuild/2003">
  <ItemGroup>
    <Filter Include="Source Files">
      <UniqueIdentifier>{248be499-4dc2-4c2d-8cbf-07d3befa7784}</UniqueIdentifier>
      <Extensions>cpp;c;cxx;rc;def;r;odl;hpj;bat;for;f90</Extensions>
    </Filter>
    <Filter Include="Source Files\client">
      <UniqueIdentifier>{c9770ef3-44af-4081-9c15-a0cf70667df3}</UniqueIdentifier>
    </Filter>
    <Filter Include="Source Files\common">
      <UniqueIdentifier>{749e3853-fa55-4111-9243-333d94c2ed62}</UniqueIdentifier>
    </Filter>
    <Filter Include="Source Files\server">
      <UniqueIdentifier>{2ae72f04-689e-4f72-9a30-66ae45dd7fe1}</UniqueIdentifier>
    </Filter>
    <Filter Include="Source Files\system">
      <UniqueIdentifier>{253d5973-83fa-4298-b78c-4393e713faf2}</UniqueIdentifier>
    </Filter>
    <Filter Include="Header Files">
      <UniqueIdentifier>{96dceb92-c0ca-43e2-a678-4b0e241fb386}</UniqueIdentifier>
      <Extensions>h;hpp;hxx;hm;inl;fi;fd</Extensions>
    </Filter>
    <Filter Include="Resource Files">
      <UniqueIdentifier>{9bdf8475-1b42-4fd3-beaf-308c81a6e9f2}</UniqueIdentifier>
      <Extensions>ico;cur;bmp;dlg;rc2;rct;bin;cnt;rtf;gif;jpg;jpeg;jpe</Extensions>
    </Filter>
    <Filter Include="Source Files\client\renderer">
      <UniqueIdentifier>{f031c048-9495-4c0f-a416-af7d9bfeb450}</UniqueIdentifier>
    </Filter>
    <Filter Include="Source Files\client\ui">
      <UniqueIdentifier>{0eea84a6-c81e-400a-b7a0-48213e2c4b72}</UniqueIdentifier>
    </Filter>
    <Filter Include="Source Files\client\sound">
      <UniqueIdentifier>{853b782f-3faa-4170-aef4-216205c745fb}</UniqueIdentifier>
    </Filter>
    <Filter Include="Source Files\client\vr">
      <UniqueIdentifier>{a304e156-0b99-4b6f-946f-36e8309f91f1}</UniqueIdentifier>
    </Filter>
  </ItemGroup>
  <ItemGroup>
    <ClCompile Include="client\cl_cin.c">
      <Filter>Source Files\client</Filter>
    </ClCompile>
    <ClCompile Include="client\cl_cinematic.c">
      <Filter>Source Files\client</Filter>
    </ClCompile>
    <ClCompile Include="client\cl_console.c">
      <Filter>Source Files\client</Filter>
    </ClCompile>
    <ClCompile Include="client\cl_download.c">
      <Filter>Source Files\client</Filter>
    </ClCompile>
    <ClCompile Include="client\cl_effects.c">
      <Filter>Source Files\client</Filter>
    </ClCompile>
    <ClCompile Include="client\cl_ents.c">
      <Filter>Source Files\client</Filter>
    </ClCompile>
    <ClCompile Include="client\cl_event.c">
      <Filter>Source Files\client</Filter>
    </ClCompile>
    <ClCompile Include="client\cl_input.c">
      <Filter>Source Files\client</Filter>
    </ClCompile>
    <ClCompile Include="client\cl_inv.c">
      <Filter>Source Files\client</Filter>
    </ClCompile>
    <ClCompile Include="client\cl_keys.c">
      <Filter>Source Files\client</Filter>
    </ClCompile>
    <ClCompile Include="client\cl_lights.c">
      <Filter>Source Files\client</Filter>
    </ClCompile>
    <ClCompile Include="client\cl_main.c">
      <Filter>Source Files\client</Filter>
    </ClCompile>
    <ClCompile Include="client\cl_parse.c">
      <Filter>Source Files\client</Filter>
    </ClCompile>
    <ClCompile Include="client\cl_particle.c">
      <Filter>Source Files\client</Filter>
    </ClCompile>
    <ClCompile Include="client\cl_pred.c">
      <Filter>Source Files\client</Filter>
    </ClCompile>
    <ClCompile Include="client\cl_screen.c">
      <Filter>Source Files\client</Filter>
    </ClCompile>
    <ClCompile Include="client\cl_string.c">
      <Filter>Source Files\client</Filter>
    </ClCompile>
    <ClCompile Include="client\cl_tempent.c">
      <Filter>Source Files\client</Filter>
    </ClCompile>
    <ClCompile Include="client\cl_utils.c">
      <Filter>Source Files\client</Filter>
    </ClCompile>
    <ClCompile Include="client\cl_view.c">
      <Filter>Source Files\client</Filter>
    </ClCompile>
    <ClCompile Include="qcommon\cmd.c">
      <Filter>Source Files\common</Filter>
    </ClCompile>
    <ClCompile Include="qcommon\cmodel.c">
      <Filter>Source Files\common</Filter>
    </ClCompile>
    <ClCompile Include="qcommon\common.c">
      <Filter>Source Files\common</Filter>
    </ClCompile>
    <ClCompile Include="qcommon\crc.c">
      <Filter>Source Files\common</Filter>
    </ClCompile>
    <ClCompile Include="qcommon\cvar.c">
      <Filter>Source Files\common</Filter>
    </ClCompile>
    <ClCompile Include="qcommon\files.c">
      <Filter>Source Files\common</Filter>
    </ClCompile>
    <ClCompile Include="qcommon\md4.c">
      <Filter>Source Files\common</Filter>
    </ClCompile>
    <ClCompile Include="qcommon\net_chan.c">
      <Filter>Source Files\common</Filter>
    </ClCompile>
    <ClCompile Include="qcommon\pmove.c">
      <Filter>Source Files\common</Filter>
    </ClCompile>
    <ClCompile Include="qcommon\wildcard.c">
      <Filter>Source Files\common</Filter>
    </ClCompile>
    <ClCompile Include="server\sv_ccmds.c">
      <Filter>Source Files\server</Filter>
    </ClCompile>
    <ClCompile Include="server\sv_ents.c">
      <Filter>Source Files\server</Filter>
    </ClCompile>
    <ClCompile Include="server\sv_game.c">
      <Filter>Source Files\server</Filter>
    </ClCompile>
    <ClCompile Include="server\sv_init.c">
      <Filter>Source Files\server</Filter>
    </ClCompile>
    <ClCompile Include="server\sv_main.c">
      <Filter>Source Files\server</Filter>
    </ClCompile>
    <ClCompile Include="server\sv_send.c">
      <Filter>Source Files\server</Filter>
    </ClCompile>
    <ClCompile Include="server\sv_user.c">
      <Filter>Source Files\server</Filter>
    </ClCompile>
    <ClCompile Include="server\sv_world.c">
      <Filter>Source Files\server</Filter>
    </ClCompile>
    <ClCompile Include="backends\win32\conproc.c">
      <Filter>Source Files\system</Filter>
    </ClCompile>
    <ClCompile Include="backends\win32\net_wins.c">
      <Filter>Source Files\system</Filter>
    </ClCompile>
    <ClCompile Include="backends\win32\q_shwin.c">
      <Filter>Source Files\system</Filter>
    </ClCompile>
    <ClCompile Include="client\sound\ogg.c">
      <Filter>Source Files\client\sound</Filter>
    </ClCompile>
    <ClCompile Include="client\sound\openal.c">
      <Filter>Source Files\client\sound</Filter>
    </ClCompile>
    <ClCompile Include="client\sound\sound.c">
      <Filter>Source Files\client\sound</Filter>
    </ClCompile>
    <ClCompile Include="client\sound\wave.c">
      <Filter>Source Files\client\sound</Filter>
    </ClCompile>
    <ClCompile Include="qcommon\glob.c">
      <Filter>Source Files\common</Filter>
    </ClCompile>
    <ClCompile Include="client\sound\qal.c">
      <Filter>Source Files\client\sound</Filter>
    </ClCompile>
    <ClCompile Include="client\vr\vr_main.c">
      <Filter>Source Files\client\vr</Filter>
    </ClCompile>
    <ClCompile Include="client\vr\vr_ovr.c">
      <Filter>Source Files\client\vr</Filter>
    </ClCompile>
    <ClCompile Include="client\vr\vr_steamvr.cpp">
      <Filter>Source Files\client\vr</Filter>
    </ClCompile>
    <ClCompile Include="client\vr\vr_svr.c">
      <Filter>Source Files\client\vr</Filter>
    </ClCompile>
    <ClCompile Include="client\ui\ui_backend.c">
      <Filter>Source Files\client\ui</Filter>
    </ClCompile>
    <ClCompile Include="client\ui\ui_game.c">
      <Filter>Source Files\client\ui</Filter>
    </ClCompile>
    <ClCompile Include="client\ui\ui_game_credits.c">
      <Filter>Source Files\client\ui</Filter>
    </ClCompile>
    <ClCompile Include="client\ui\ui_game_saveload.c">
      <Filter>Source Files\client\ui</Filter>
    </ClCompile>
    <ClCompile Include="client\ui\ui_main.c">
      <Filter>Source Files\client\ui</Filter>
    </ClCompile>
    <ClCompile Include="client\ui\ui_mp_addressbook.c">
      <Filter>Source Files\client\ui</Filter>
    </ClCompile>
    <ClCompile Include="client\ui\ui_mp_dmoptions.c">
      <Filter>Source Files\client\ui</Filter>
    </ClCompile>
    <ClCompile Include="client\ui\ui_mp_download.c">
      <Filter>Source Files\client\ui</Filter>
    </ClCompile>
    <ClCompile Include="client\ui\ui_mp_joinserver.c">
      <Filter>Source Files\client\ui</Filter>
    </ClCompile>
    <ClCompile Include="client\ui\ui_mp_playersetup.c">
      <Filter>Source Files\client\ui</Filter>
    </ClCompile>
    <ClCompile Include="client\ui\ui_mp_startserver.c">
      <Filter>Source Files\client\ui</Filter>
    </ClCompile>
    <ClCompile Include="client\ui\ui_multiplayer.c">
      <Filter>Source Files\client\ui</Filter>
    </ClCompile>
    <ClCompile Include="client\ui\ui_options.c">
      <Filter>Source Files\client\ui</Filter>
    </ClCompile>
    <ClCompile Include="client\ui\ui_options_controls.c">
      <Filter>Source Files\client\ui</Filter>
    </ClCompile>
    <ClCompile Include="client\ui\ui_options_effects.c">
      <Filter>Source Files\client\ui</Filter>
    </ClCompile>
    <ClCompile Include="client\ui\ui_options_interface.c">
      <Filter>Source Files\client\ui</Filter>
    </ClCompile>
    <ClCompile Include="client\ui\ui_options_keys.c">
      <Filter>Source Files\client\ui</Filter>
    </ClCompile>
    <ClCompile Include="client\ui\ui_options_screen.c">
      <Filter>Source Files\client\ui</Filter>
    </ClCompile>
    <ClCompile Include="client\ui\ui_options_sound.c">
      <Filter>Source Files\client\ui</Filter>
    </ClCompile>
    <ClCompile Include="client\ui\ui_options_vr.c">
      <Filter>Source Files\client\ui</Filter>
    </ClCompile>
    <ClCompile Include="client\ui\ui_options_vr_advanced.c">
      <Filter>Source Files\client\ui</Filter>
    </ClCompile>
    <ClCompile Include="client\ui\ui_options_vr_ovr.c">
      <Filter>Source Files\client\ui</Filter>
    </ClCompile>
    <ClCompile Include="client\ui\ui_options_vr_svr.c">
      <Filter>Source Files\client\ui</Filter>
    </ClCompile>
    <ClCompile Include="client\ui\ui_quit.c">
      <Filter>Source Files\client\ui</Filter>
    </ClCompile>
    <ClCompile Include="client\ui\ui_subsystem.c">
      <Filter>Source Files\client\ui</Filter>
    </ClCompile>
    <ClCompile Include="client\ui\ui_video.c">
      <Filter>Source Files\client\ui</Filter>
    </ClCompile>
    <ClCompile Include="client\ui\ui_video_advanced.c">
      <Filter>Source Files\client\ui</Filter>
    </ClCompile>
    <ClCompile Include="client\renderer\r_alias.c">
      <Filter>Source Files\client\renderer</Filter>
    </ClCompile>
    <ClCompile Include="client\renderer\r_alias_md2.c">
      <Filter>Source Files\client\renderer</Filter>
    </ClCompile>
    <ClCompile Include="client\renderer\r_alias_misc.c">
      <Filter>Source Files\client\renderer</Filter>
    </ClCompile>
    <ClCompile Include="client\renderer\r_antialias.c">
      <Filter>Source Files\client\renderer</Filter>
    </ClCompile>
    <ClCompile Include="client\renderer\r_backend.c">
      <Filter>Source Files\client\renderer</Filter>
    </ClCompile>
    <ClCompile Include="client\renderer\r_beam.c">
      <Filter>Source Files\client\renderer</Filter>
    </ClCompile>
    <ClCompile Include="client\renderer\r_draw.c">
      <Filter>Source Files\client\renderer</Filter>
    </ClCompile>
    <ClCompile Include="client\renderer\r_entity.c">
      <Filter>Source Files\client\renderer</Filter>
    </ClCompile>
    <ClCompile Include="client\renderer\r_fbo.c">
      <Filter>Source Files\client\renderer</Filter>
    </ClCompile>
    <ClCompile Include="client\renderer\r_fog.c">
      <Filter>Source Files\client\renderer</Filter>
    </ClCompile>
    <ClCompile Include="client\renderer\r_fragment.c">
      <Filter>Source Files\client\renderer</Filter>
    </ClCompile>
    <ClCompile Include="client\renderer\r_glstate.c">
      <Filter>Source Files\client\renderer</Filter>
    </ClCompile>
    <ClCompile Include="client\renderer\r_image.c">
      <Filter>Source Files\client\renderer</Filter>
    </ClCompile>
    <ClCompile Include="client\renderer\r_light.c">
      <Filter>Source Files\client\renderer</Filter>
    </ClCompile>
    <ClCompile Include="client\renderer\r_main.c">
      <Filter>Source Files\client\renderer</Filter>
    </ClCompile>
    <ClCompile Include="client\renderer\r_misc.c">
      <Filter>Source Files\client\renderer</Filter>
    </ClCompile>
    <ClCompile Include="client\renderer\r_model.c">
      <Filter>Source Files\client\renderer</Filter>
    </ClCompile>
    <ClCompile Include="client\renderer\r_particle.c">
      <Filter>Source Files\client\renderer</Filter>
    </ClCompile>
    <ClCompile Include="client\renderer\r_shaderobjects.c">
      <Filter>Source Files\client\renderer</Filter>
    </ClCompile>
    <ClCompile Include="client\renderer\r_sky.c">
      <Filter>Source Files\client\renderer</Filter>
    </ClCompile>
    <ClCompile Include="client\renderer\r_sprite.c">
      <Filter>Source Files\client\renderer</Filter>
    </ClCompile>
    <ClCompile Include="client\renderer\r_surface.c">
      <Filter>Source Files\client\renderer</Filter>
    </ClCompile>
    <ClCompile Include="client\renderer\r_vlights.c">
      <Filter>Source Files\client\renderer</Filter>
    </ClCompile>
    <ClCompile Include="client\renderer\r_vr.c">
      <Filter>Source Files\client\renderer</Filter>
    </ClCompile>
    <ClCompile Include="client\renderer\r_vr_ovr.c">
      <Filter>Source Files\client\renderer</Filter>
    </ClCompile>
    <ClCompile Include="client\renderer\r_vr_svr.c">
      <Filter>Source Files\client\renderer</Filter>
    </ClCompile>
    <ClCompile Include="client\renderer\r_warp.c">
      <Filter>Source Files\client\renderer</Filter>
    </ClCompile>
    <ClCompile Include="backends\sdl2\gl_sdl2.c">
      <Filter>Source Files\system</Filter>
    </ClCompile>
    <ClCompile Include="backends\sdl2\in_sdl2.c">
      <Filter>Source Files\system</Filter>
    </ClCompile>
    <ClCompile Include="backends\sdl2\in_sdlcont.c">
      <Filter>Source Files\system</Filter>
    </ClCompile>
    <ClCompile Include="backends\sdl2\snd_sdl2.c">
      <Filter>Source Files\system</Filter>
    </ClCompile>
    <ClCompile Include="backends\sdl2\sys_sdl2.c">
      <Filter>Source Files\system</Filter>
    </ClCompile>
    <ClCompile Include="backends\sdl2\vid_sdl2.c">
      <Filter>Source Files\system</Filter>
    </ClCompile>
    <ClCompile Include="qcommon\shared\m_flash.c">
      <Filter>Source Files\common</Filter>
    </ClCompile>
    <ClCompile Include="qcommon\shared\q_shared.c">
      <Filter>Source Files\common</Filter>
    </ClCompile>
    <ClCompile Include="client\renderer\r_vao.c">
      <Filter>Source Files\client\renderer</Filter>
    </ClCompile>
    <ClCompile Include="client\renderer\r_vbo.c">
      <Filter>Source Files\client\renderer</Filter>
    </ClCompile>
    <ClCompile Include="client\renderer\r_postprocess.c">
      <Filter>Source Files\client\renderer</Filter>
    </ClCompile>
    <ClCompile Include="client\renderer\r_stereo.c">
      <Filter>Source Files\client\renderer</Filter>
    </ClCompile>
    <ClCompile Include="qcommon\zip\unzip.c">
      <Filter>Source Files\common</Filter>
    </ClCompile>
    <ClCompile Include="qcommon\zip\ioapi.c">
      <Filter>Source Files\common</Filter>
    </ClCompile>
    <ClCompile Include="qcommon\murmur3\murmur3.c">
      <Filter>Source Files\common</Filter>
    </ClCompile>
    <ClCompile Include="qcommon\stable.c">
      <Filter>Source Files\common</Filter>
    </ClCompile>
    <ClCompile Include="qcommon\sset.c">
      <Filter>Source Files\common</Filter>
    </ClCompile>
    <ClCompile Include="client\ui\ui_game_mod.c">
      <Filter>Source Files\client\ui</Filter>
    </ClCompile>
  </ItemGroup>
  <ItemGroup>
    <ClInclude Include="client\anorms.h">
      <Filter>Header Files</Filter>
    </ClInclude>
    <ClInclude Include="renderer\anorms.h">
      <Filter>Header Files</Filter>
    </ClInclude>
    <ClInclude Include="renderer\anormtab.h">
      <Filter>Header Files</Filter>
    </ClInclude>
    <ClInclude Include="qcommon\bspfile.h">
      <Filter>Header Files</Filter>
    </ClInclude>
    <ClInclude Include="client\cinematic.h">
      <Filter>Header Files</Filter>
    </ClInclude>
    <ClInclude Include="client\client.h">
      <Filter>Header Files</Filter>
    </ClInclude>
    <ClInclude Include="backends\win32\conproc.h">
      <Filter>Header Files</Filter>
    </ClInclude>
    <ClInclude Include="client\console.h">
      <Filter>Header Files</Filter>
    </ClInclude>
    <ClInclude Include="game\game.h">
      <Filter>Header Files</Filter>
    </ClInclude>
    <ClInclude Include="client\input.h">
      <Filter>Header Files</Filter>
    </ClInclude>
    <ClInclude Include="client\keys.h">
      <Filter>Header Files</Filter>
    </ClInclude>
    <ClInclude Include="client\particles.h">
      <Filter>Header Files</Filter>
    </ClInclude>
    <ClInclude Include="client\q2palette.h">
      <Filter>Header Files</Filter>
    </ClInclude>
    <ClInclude Include="qcommon\qcommon.h">
      <Filter>Header Files</Filter>
    </ClInclude>
    <ClInclude Include="qcommon\qfiles.h">
      <Filter>Header Files</Filter>
    </ClInclude>
    <ClInclude Include="client\ref.h">
      <Filter>Header Files</Filter>
    </ClInclude>
    <ClInclude Include="client\screen.h">
      <Filter>Header Files</Filter>
    </ClInclude>
    <ClInclude Include="server\server.h">
      <Filter>Header Files</Filter>
    </ClInclude>
    <ClInclude Include="client\snd_loc.h">
      <Filter>Header Files</Filter>
    </ClInclude>
    <ClInclude Include="client\snd_ogg.h">
      <Filter>Header Files</Filter>
    </ClInclude>
    <ClInclude Include="client\sound.h">
      <Filter>Header Files</Filter>
    </ClInclude>
    <ClInclude Include="client\vid.h">
      <Filter>Header Files</Filter>
    </ClInclude>
    <ClInclude Include="renderer\vlights.h">
      <Filter>Header Files</Filter>
    </ClInclude>
    <ClInclude Include="renderer\warpsin.h">
      <Filter>Header Files</Filter>
    </ClInclude>
    <ClInclude Include="qcommon\wildcard.h">
      <Filter>Header Files</Filter>
    </ClInclude>
    <ClInclude Include="backends\win32\winnewerror.h">
      <Filter>Header Files</Filter>
    </ClInclude>
    <ClInclude Include="client\ui\include\ui_local.h">
      <Filter>Header Files</Filter>
    </ClInclude>
    <ClInclude Include="backends\sdl2\sdl2quake.h">
      <Filter>Header Files</Filter>
    </ClInclude>
    <ClInclude Include="client\renderer\include\r_local.h">
      <Filter>Header Files</Filter>
    </ClInclude>
    <ClInclude Include="client\renderer\include\r_model.h">
      <Filter>Header Files</Filter>
    </ClInclude>
    <ClInclude Include="client\renderer\include\r_normals.h">
      <Filter>Header Files</Filter>
    </ClInclude>
    <ClInclude Include="client\renderer\include\r_vr.h">
      <Filter>Header Files</Filter>
    </ClInclude>
    <ClInclude Include="client\renderer\include\r_vr_ovr.h">
      <Filter>Header Files</Filter>
    </ClInclude>
    <ClInclude Include="client\renderer\include\r_vr_svr.h">
      <Filter>Header Files</Filter>
    </ClInclude>
    <ClInclude Include="client\renderer\include\qgl.h">
      <Filter>Header Files</Filter>
    </ClInclude>
    <ClInclude Include="client\renderer\include\r_alias.h">
      <Filter>Header Files</Filter>
    </ClInclude>
    <ClInclude Include="client\renderer\include\r_cin.h">
      <Filter>Header Files</Filter>
    </ClInclude>
    <ClInclude Include="client\vr\include\vr_steamvr.h">
      <Filter>Header Files</Filter>
    </ClInclude>
    <ClInclude Include="client\vr\include\vr_svr.h">
      <Filter>Header Files</Filter>
    </ClInclude>
    <ClInclude Include="client\vr\include\vr.h">
      <Filter>Header Files</Filter>
    </ClInclude>
    <ClInclude Include="client\vr\include\vr_ovr.h">
      <Filter>Header Files</Filter>
    </ClInclude>
    <ClInclude Include="qcommon\shared\q_shared.h">
      <Filter>Header Files</Filter>
    </ClInclude>
    <ClInclude Include="client\sound\include\qal.h">
      <Filter>Header Files</Filter>
    </ClInclude>
    <ClInclude Include="client\renderer\include\r_stereo.h">
      <Filter>Header Files</Filter>
    </ClInclude>
  </ItemGroup>
  <ItemGroup>
    <ResourceCompile Include="backends\win32\q2.rc">
      <Filter>Resource Files</Filter>
    </ResourceCompile>
  </ItemGroup>
  <ItemGroup>
    <CustomBuild Include="backends\win32\q2.ico">
      <Filter>Resource Files</Filter>
    </CustomBuild>
  </ItemGroup>
</Project>