<?xml version="1.0" encoding="utf-8"?>
<Project ToolsVersion="4.0" xmlns="http://schemas.microsoft.com/developer/msbuild/2003">
  <ItemGroup>
    <Filter Include="Source Files">
      <UniqueIdentifier>{dd00e0f6-cfef-4555-b4f0-d5ee74b9496b}</UniqueIdentifier>
      <Extensions>cpp;c;cxx;rc;def;r;odl;hpj;bat;for;f90</Extensions>
    </Filter>
    <Filter Include="Source Files\sound">
      <UniqueIdentifier>{33336f09-7dba-4cdb-b2b4-9a7b245e1d1a}</UniqueIdentifier>
    </Filter>
    <Filter Include="Source Files\client">
      <UniqueIdentifier>{90a2d6a9-660f-4233-833f-1703c6ab0276}</UniqueIdentifier>
    </Filter>
    <Filter Include="Source Files\common">
      <UniqueIdentifier>{a7102b20-1405-4818-a7f6-10100b3559a1}</UniqueIdentifier>
    </Filter>
    <Filter Include="Source Files\server">
      <UniqueIdentifier>{ecdce976-1dd6-4383-977d-7bd2ab44df52}</UniqueIdentifier>
    </Filter>
    <Filter Include="Source Files\system">
      <UniqueIdentifier>{41cbdc17-b6f7-4eb5-94a4-f8d6be20230d}</UniqueIdentifier>
    </Filter>
    <Filter Include="Source Files\renderer">
      <UniqueIdentifier>{f48a4360-c0e2-4a4e-9124-b2fc0f45aae3}</UniqueIdentifier>
    </Filter>
    <Filter Include="Source Files\ui">
      <UniqueIdentifier>{6fa3af36-59d4-443a-8330-4f8d7d622659}</UniqueIdentifier>
    </Filter>
    <Filter Include="Header Files">
      <UniqueIdentifier>{c3cfef9d-9ef0-43bd-ab58-d966ee10c448}</UniqueIdentifier>
      <Extensions>h;hpp;hxx;hm;inl;fi;fd</Extensions>
    </Filter>
    <Filter Include="Resource Files">
      <UniqueIdentifier>{4a0426e1-7080-4c1e-8089-57e2427eef72}</UniqueIdentifier>
      <Extensions>ico;cur;bmp;dlg;rc2;rct;bin;cnt;rtf;gif;jpg;jpeg;jpe</Extensions>
    </Filter>
  </ItemGroup>
  <ItemGroup>
    <ClCompile Include="win32\cd_win.c">
      <Filter>Source Files\sound</Filter>
    </ClCompile>
    <ClCompile Include="client\snd_dma.c">
      <Filter>Source Files\sound</Filter>
    </ClCompile>
    <ClCompile Include="client\snd_mem.c">
      <Filter>Source Files\sound</Filter>
    </ClCompile>
    <ClCompile Include="client\snd_mix.c">
      <Filter>Source Files\sound</Filter>
    </ClCompile>
    <ClCompile Include="client\snd_stream.c">
      <Filter>Source Files\sound</Filter>
    </ClCompile>
    <ClCompile Include="win32\snd_win.c">
      <Filter>Source Files\sound</Filter>
    </ClCompile>
    <ClCompile Include="client\cl_cin.c">
      <Filter>Source Files\client</Filter>
    </ClCompile>
    <ClCompile Include="client\cl_cinematic.c">
      <Filter>Source Files\client</Filter>
    </ClCompile>
    <ClCompile Include="client\cl_console.c">
      <Filter>Source Files\client</Filter>
    </ClCompile>
    <ClCompile Include="client\cl_download.c">
      <Filter>Source Files\client</Filter>
    </ClCompile>
    <ClCompile Include="client\cl_effects.c">
      <Filter>Source Files\client</Filter>
    </ClCompile>
    <ClCompile Include="client\cl_ents.c">
      <Filter>Source Files\client</Filter>
    </ClCompile>
    <ClCompile Include="client\cl_event.c">
      <Filter>Source Files\client</Filter>
    </ClCompile>
    <ClCompile Include="client\cl_input.c">
      <Filter>Source Files\client</Filter>
    </ClCompile>
    <ClCompile Include="client\cl_inv.c">
      <Filter>Source Files\client</Filter>
    </ClCompile>
    <ClCompile Include="client\cl_keys.c">
      <Filter>Source Files\client</Filter>
    </ClCompile>
    <ClCompile Include="client\cl_lights.c">
      <Filter>Source Files\client</Filter>
    </ClCompile>
    <ClCompile Include="client\cl_main.c">
      <Filter>Source Files\client</Filter>
    </ClCompile>
    <ClCompile Include="client\cl_parse.c">
      <Filter>Source Files\client</Filter>
    </ClCompile>
    <ClCompile Include="client\cl_particle.c">
      <Filter>Source Files\client</Filter>
    </ClCompile>
    <ClCompile Include="client\cl_pred.c">
      <Filter>Source Files\client</Filter>
    </ClCompile>
    <ClCompile Include="client\cl_screen.c">
      <Filter>Source Files\client</Filter>
    </ClCompile>
    <ClCompile Include="client\cl_string.c">
      <Filter>Source Files\client</Filter>
    </ClCompile>
    <ClCompile Include="client\cl_tempent.c">
      <Filter>Source Files\client</Filter>
    </ClCompile>
    <ClCompile Include="client\cl_utils.c">
      <Filter>Source Files\client</Filter>
    </ClCompile>
    <ClCompile Include="client\cl_view.c">
      <Filter>Source Files\client</Filter>
    </ClCompile>
    <ClCompile Include="game\m_flash.c">
      <Filter>Source Files\client</Filter>
    </ClCompile>
    <ClCompile Include="client\x86.c">
      <Filter>Source Files\client</Filter>
    </ClCompile>
    <ClCompile Include="qcommon\cmd.c">
      <Filter>Source Files\common</Filter>
    </ClCompile>
    <ClCompile Include="qcommon\cmodel.c">
      <Filter>Source Files\common</Filter>
    </ClCompile>
    <ClCompile Include="qcommon\common.c">
      <Filter>Source Files\common</Filter>
    </ClCompile>
    <ClCompile Include="qcommon\crc.c">
      <Filter>Source Files\common</Filter>
    </ClCompile>
    <ClCompile Include="qcommon\cvar.c">
      <Filter>Source Files\common</Filter>
    </ClCompile>
    <ClCompile Include="qcommon\files.c">
      <Filter>Source Files\common</Filter>
    </ClCompile>
    <ClCompile Include="qcommon\md4.c">
      <Filter>Source Files\common</Filter>
    </ClCompile>
    <ClCompile Include="qcommon\net_chan.c">
      <Filter>Source Files\common</Filter>
    </ClCompile>
    <ClCompile Include="qcommon\pmove.c">
      <Filter>Source Files\common</Filter>
    </ClCompile>
    <ClCompile Include="game\q_shared.c">
      <Filter>Source Files\common</Filter>
    </ClCompile>
    <ClCompile Include="qcommon\wildcard.c">
      <Filter>Source Files\common</Filter>
    </ClCompile>
    <ClCompile Include="server\sv_ccmds.c">
      <Filter>Source Files\server</Filter>
    </ClCompile>
    <ClCompile Include="server\sv_ents.c">
      <Filter>Source Files\server</Filter>
    </ClCompile>
    <ClCompile Include="server\sv_game.c">
      <Filter>Source Files\server</Filter>
    </ClCompile>
    <ClCompile Include="server\sv_init.c">
      <Filter>Source Files\server</Filter>
    </ClCompile>
    <ClCompile Include="server\sv_main.c">
      <Filter>Source Files\server</Filter>
    </ClCompile>
    <ClCompile Include="server\sv_send.c">
      <Filter>Source Files\server</Filter>
    </ClCompile>
    <ClCompile Include="server\sv_user.c">
      <Filter>Source Files\server</Filter>
    </ClCompile>
    <ClCompile Include="server\sv_world.c">
      <Filter>Source Files\server</Filter>
    </ClCompile>
    <ClCompile Include="win32\conproc.c">
      <Filter>Source Files\system</Filter>
    </ClCompile>
    <ClCompile Include="win32\in_win.c">
      <Filter>Source Files\system</Filter>
    </ClCompile>
    <ClCompile Include="win32\net_wins.c">
      <Filter>Source Files\system</Filter>
    </ClCompile>
    <ClCompile Include="win32\q_shwin.c">
      <Filter>Source Files\system</Filter>
    </ClCompile>
    <ClCompile Include="win32\sys_console.c">
      <Filter>Source Files\system</Filter>
    </ClCompile>
    <ClCompile Include="win32\sys_win.c">
      <Filter>Source Files\system</Filter>
    </ClCompile>
    <ClCompile Include="win32\vid_dll.c">
      <Filter>Source Files\system</Filter>
    </ClCompile>
    <ClCompile Include="win32\glw_imp.c">
      <Filter>Source Files\renderer</Filter>
    </ClCompile>
    <ClCompile Include="win32\qgl_win.c">
      <Filter>Source Files\renderer</Filter>
    </ClCompile>
    <ClCompile Include="renderer\r_alias.c">
      <Filter>Source Files\renderer</Filter>
    </ClCompile>
    <ClCompile Include="renderer\r_alias_md2.c">
      <Filter>Source Files\renderer</Filter>
    </ClCompile>
    <ClCompile Include="renderer\r_alias_misc.c">
      <Filter>Source Files\renderer</Filter>
    </ClCompile>
    <ClCompile Include="renderer\r_arb_program.c">
      <Filter>Source Files\renderer</Filter>
    </ClCompile>
    <ClCompile Include="renderer\r_backend.c">
      <Filter>Source Files\renderer</Filter>
    </ClCompile>
    <ClCompile Include="renderer\r_beam.c">
      <Filter>Source Files\renderer</Filter>
    </ClCompile>
    <ClCompile Include="renderer\r_bloom.c">
      <Filter>Source Files\renderer</Filter>
    </ClCompile>
    <ClCompile Include="renderer\r_draw.c">
      <Filter>Source Files\renderer</Filter>
    </ClCompile>
    <ClCompile Include="renderer\r_entity.c">
      <Filter>Source Files\renderer</Filter>
    </ClCompile>
    <ClCompile Include="renderer\r_fog.c">
      <Filter>Source Files\renderer</Filter>
    </ClCompile>
    <ClCompile Include="renderer\r_fragment.c">
      <Filter>Source Files\renderer</Filter>
    </ClCompile>
    <ClCompile Include="renderer\r_glstate.c">
      <Filter>Source Files\renderer</Filter>
    </ClCompile>
    <ClCompile Include="renderer\r_image.c">
      <Filter>Source Files\renderer</Filter>
    </ClCompile>
    <ClCompile Include="renderer\r_light.c">
      <Filter>Source Files\renderer</Filter>
    </ClCompile>
    <ClCompile Include="renderer\r_main.c">
      <Filter>Source Files\renderer</Filter>
    </ClCompile>
    <ClCompile Include="renderer\r_misc.c">
      <Filter>Source Files\renderer</Filter>
    </ClCompile>
    <ClCompile Include="renderer\r_model.c">
      <Filter>Source Files\renderer</Filter>
    </ClCompile>
    <ClCompile Include="renderer\r_particle.c">
      <Filter>Source Files\renderer</Filter>
    </ClCompile>
    <ClCompile Include="renderer\r_sky.c">
      <Filter>Source Files\renderer</Filter>
    </ClCompile>
    <ClCompile Include="renderer\r_sprite.c">
      <Filter>Source Files\renderer</Filter>
    </ClCompile>
    <ClCompile Include="renderer\r_surface.c">
      <Filter>Source Files\renderer</Filter>
    </ClCompile>
    <ClCompile Include="renderer\r_vlights.c">
      <Filter>Source Files\renderer</Filter>
    </ClCompile>
    <ClCompile Include="renderer\r_warp.c">
      <Filter>Source Files\renderer</Filter>
    </ClCompile>
    <ClCompile Include="ui\ui_backend.c">
      <Filter>Source Files\ui</Filter>
    </ClCompile>
    <ClCompile Include="ui\ui_game.c">
      <Filter>Source Files\ui</Filter>
    </ClCompile>
    <ClCompile Include="ui\ui_game_credits.c">
      <Filter>Source Files\ui</Filter>
    </ClCompile>
    <ClCompile Include="ui\ui_game_saveload.c">
      <Filter>Source Files\ui</Filter>
    </ClCompile>
    <ClCompile Include="ui\ui_main.c">
      <Filter>Source Files\ui</Filter>
    </ClCompile>
    <ClCompile Include="ui\ui_mp_addressbook.c">
      <Filter>Source Files\ui</Filter>
    </ClCompile>
    <ClCompile Include="ui\ui_mp_dmoptions.c">
      <Filter>Source Files\ui</Filter>
    </ClCompile>
    <ClCompile Include="ui\ui_mp_download.c">
      <Filter>Source Files\ui</Filter>
    </ClCompile>
    <ClCompile Include="ui\ui_mp_joinserver.c">
      <Filter>Source Files\ui</Filter>
    </ClCompile>
    <ClCompile Include="ui\ui_mp_playersetup.c">
      <Filter>Source Files\ui</Filter>
    </ClCompile>
    <ClCompile Include="ui\ui_mp_startserver.c">
      <Filter>Source Files\ui</Filter>
    </ClCompile>
    <ClCompile Include="ui\ui_multiplayer.c">
      <Filter>Source Files\ui</Filter>
    </ClCompile>
    <ClCompile Include="ui\ui_options.c">
      <Filter>Source Files\ui</Filter>
    </ClCompile>
    <ClCompile Include="ui\ui_options_controls.c">
      <Filter>Source Files\ui</Filter>
    </ClCompile>
    <ClCompile Include="ui\ui_options_effects.c">
      <Filter>Source Files\ui</Filter>
    </ClCompile>
    <ClCompile Include="ui\ui_options_interface.c">
      <Filter>Source Files\ui</Filter>
    </ClCompile>
    <ClCompile Include="ui\ui_options_keys.c">
      <Filter>Source Files\ui</Filter>
    </ClCompile>
    <ClCompile Include="ui\ui_options_screen.c">
      <Filter>Source Files\ui</Filter>
    </ClCompile>
    <ClCompile Include="ui\ui_options_sound.c">
      <Filter>Source Files\ui</Filter>
    </ClCompile>
    <ClCompile Include="ui\ui_quit.c">
      <Filter>Source Files\ui</Filter>
    </ClCompile>
    <ClCompile Include="ui\ui_subsystem.c">
      <Filter>Source Files\ui</Filter>
    </ClCompile>
    <ClCompile Include="ui\ui_video.c">
      <Filter>Source Files\ui</Filter>
    </ClCompile>
    <ClCompile Include="ui\ui_video_advanced.c">
      <Filter>Source Files\ui</Filter>
    </ClCompile>
  </ItemGroup>
  <ItemGroup>
    <ClInclude Include="renderer\anorms.h">
      <Filter>Header Files</Filter>
    </ClInclude>
    <ClInclude Include="client\anorms.h">
      <Filter>Header Files</Filter>
    </ClInclude>
    <ClInclude Include="renderer\anormtab.h">
      <Filter>Header Files</Filter>
    </ClInclude>
    <ClInclude Include="qcommon\bspfile.h">
      <Filter>Header Files</Filter>
    </ClInclude>
    <ClInclude Include="client\cdaudio.h">
      <Filter>Header Files</Filter>
    </ClInclude>
    <ClInclude Include="client\cinematic.h">
      <Filter>Header Files</Filter>
    </ClInclude>
    <ClInclude Include="client\client.h">
      <Filter>Header Files</Filter>
    </ClInclude>
    <ClInclude Include="win32\conproc.h">
      <Filter>Header Files</Filter>
    </ClInclude>
    <ClInclude Include="client\console.h">
      <Filter>Header Files</Filter>
    </ClInclude>
    <ClInclude Include="game\game.h">
      <Filter>Header Files</Filter>
    </ClInclude>
    <ClInclude Include="renderer\glext.h">
      <Filter>Header Files</Filter>
    </ClInclude>
    <ClInclude Include="client\input.h">
      <Filter>Header Files</Filter>
    </ClInclude>
    <ClInclude Include="client\keys.h">
      <Filter>Header Files</Filter>
    </ClInclude>
    <ClInclude Include="client\particles.h">
      <Filter>Header Files</Filter>
    </ClInclude>
    <ClInclude Include="game\q_shared.h">
      <Filter>Header Files</Filter>
    </ClInclude>
    <ClInclude Include="qcommon\qcommon.h">
      <Filter>Header Files</Filter>
    </ClInclude>
    <ClInclude Include="qcommon\qfiles.h">
      <Filter>Header Files</Filter>
    </ClInclude>
    <ClInclude Include="renderer\qgl.h">
      <Filter>Header Files</Filter>
    </ClInclude>
    <ClInclude Include="renderer\r_alias.h">
      <Filter>Header Files</Filter>
    </ClInclude>
    <ClInclude Include="renderer\r_local.h">
      <Filter>Header Files</Filter>
    </ClInclude>
    <ClInclude Include="renderer\r_model.h">
      <Filter>Header Files</Filter>
    </ClInclude>
    <ClInclude Include="client\ref.h">
      <Filter>Header Files</Filter>
    </ClInclude>
    <ClInclude Include="client\screen.h">
      <Filter>Header Files</Filter>
    </ClInclude>
    <ClInclude Include="server\server.h">
      <Filter>Header Files</Filter>
    </ClInclude>
    <ClInclude Include="client\snd_loc.h">
      <Filter>Header Files</Filter>
    </ClInclude>
    <ClInclude Include="client\sound.h">
      <Filter>Header Files</Filter>
    </ClInclude>
    <ClInclude Include="ui\ui_local.h">
      <Filter>Header Files</Filter>
    </ClInclude>
    <ClInclude Include="client\vid.h">
      <Filter>Header Files</Filter>
    </ClInclude>
    <ClInclude Include="renderer\vlights.h">
      <Filter>Header Files</Filter>
    </ClInclude>
    <ClInclude Include="renderer\warpsin.h">
      <Filter>Header Files</Filter>
    </ClInclude>
    <ClInclude Include="qcommon\wildcard.h">
      <Filter>Header Files</Filter>
    </ClInclude>
    <ClInclude Include="win32\winquake.h">
      <Filter>Header Files</Filter>
    </ClInclude>
  </ItemGroup>
  <ItemGroup>
    <None Include="win32\q2.ico">
      <Filter>Resource Files</Filter>
    </None>
    <None Include="win32\q2mp1.ico">
      <Filter>Resource Files</Filter>
    </None>
    <None Include="win32\q2mp2.ico">
      <Filter>Resource Files</Filter>
    </None>
    <None Include="win32\startup.bmp">
      <Filter>Resource Files</Filter>
    </None>
    <None Include="win32\startup2.bmp">
      <Filter>Resource Files</Filter>
    </None>
    <None Include="win32\startup2beta.bmp">
      <Filter>Resource Files</Filter>
    </None>
  </ItemGroup>
  <ItemGroup>
    <ResourceCompile Include="win32\q2_2005.rc">
      <Filter>Resource Files</Filter>
    </ResourceCompile>
  </ItemGroup>
</Project>