
Microsoft Visual Studio Solution File, Format Version 11.00
# Visual Studio 2010
Project("{8BC9CEB8-8B4A-11D0-8D11-00A0C91BC942}") = "lazarus", "game\lazarus.vcxproj", "{B068C1EF-C1E2-4319-B4FE-C0F8D9B7536D}"
EndProject
Project("{8BC9CEB8-8B4A-11D0-8D11-00A0C91BC942}") = "quake2", "quake2.vcxproj", "{10E97B41-1A5F-4BFC-B922-3321F99FAEB5}"
EndProject
Global
	GlobalSection(SolutionConfigurationPlatforms) = preSolution
		Debug Alpha|Win32 = Debug Alpha|Win32
		Debug|Win32 = Debug|Win32
		Release Alpha|Win32 = Release Alpha|Win32
		Release|Win32 = Release|Win32
	EndGlobalSection
	GlobalSection(ProjectConfigurationPlatforms) = postSolution
		{B068C1EF-C1E2-4319-B4FE-C0F8D9B7536D}.Debug Alpha|Win32.ActiveCfg = Debug Alpha|Win32
		{B068C1EF-C1E2-4319-B4FE-C0F8D9B7536D}.Debug Alpha|Win32.Build.0 = Debug Alpha|Win32
		{B068C1EF-C1E2-4319-B4FE-C0F8D9B7536D}.Debug|Win32.ActiveCfg = Debug|Win32
		{B068C1EF-C1E2-4319-B4FE-C0F8D9B7536D}.Debug|Win32.Build.0 = Debug|Win32
		{B068C1EF-C1E2-4319-B4FE-C0F8D9B7536D}.Release Alpha|Win32.ActiveCfg = Release Alpha|Win32
		{B068C1EF-C1E2-4319-B4FE-C0F8D9B7536D}.Release Alpha|Win32.Build.0 = Release Alpha|Win32
		{B068C1EF-C1E2-4319-B4FE-C0F8D9B7536D}.Release|Win32.ActiveCfg = Release|Win32
		{B068C1EF-C1E2-4319-B4FE-C0F8D9B7536D}.Release|Win32.Build.0 = Release|Win32
		{10E97B41-1A5F-4BFC-B922-3321F99FAEB5}.Debug Alpha|Win32.ActiveCfg = Debug Alpha|Win32
		{10E97B41-1A5F-4BFC-B922-3321F99FAEB5}.Debug Alpha|Win32.Build.0 = Debug Alpha|Win32
		{10E97B41-1A5F-4BFC-B922-3321F99FAEB5}.Debug|Win32.ActiveCfg = Debug|Win32
		{10E97B41-1A5F-4BFC-B922-3321F99FAEB5}.Debug|Win32.Build.0 = Debug|Win32
		{10E97B41-1A5F-4BFC-B922-3321F99FAEB5}.Release Alpha|Win32.ActiveCfg = Release Alpha|Win32
		{10E97B41-1A5F-4BFC-B922-3321F99FAEB5}.Release Alpha|Win32.Build.0 = Release Alpha|Win32
		{10E97B41-1A5F-4BFC-B922-3321F99FAEB5}.Release|Win32.ActiveCfg = Release|Win32
		{10E97B41-1A5F-4BFC-B922-3321F99FAEB5}.Release|Win32.Build.0 = Release|Win32
	EndGlobalSection
	GlobalSection(SolutionProperties) = preSolution
		HideSolutionNode = FALSE
	EndGlobalSection
EndGlobal
